
Microsoft Visual Studio Solution File, Format Version 12.00
# Visual Studio Version 17
VisualStudioVersion = 17.5.002.0
MinimumVisualStudioVersion = 10.0.40219.1
Project("{2150E333-8FDC-42A3-9474-1A3956D46DE8}") = "csharp-prep", "csharp-prep", "{ED3B7AD6-E715-4A1F-818E-DF4985D58FC1}"
EndProject
Project("{9A19103F-16F7-4668-BE54-9A1E7A4F7556}") = "Prep1", "csharp-prep\Prep1\Prep1.csproj", "{8EC70F5A-6620-40E5-A2E5-39D54D45306E}"
EndProject
Project("{9A19103F-16F7-4668-BE54-9A1E7A4F7556}") = "Prep2", "csharp-prep\Prep2\Prep2.csproj", "{F4ED8C04-922E-44AB-8C9C-DEE967C23410}"
EndProject
Project("{9A19103F-16F7-4668-BE54-9A1E7A4F7556}") = "Prep3", "csharp-prep\Prep3\Prep3.csproj", "{BEFF0C17-5AFF-4533-AA98-5209478E1813}"
EndProject
Project("{9A19103F-16F7-4668-BE54-9A1E7A4F7556}") = "Prep4", "csharp-prep\Prep4\Prep4.csproj", "{EB6A0F8D-EE26-40EF-BBC5-8DBDE3C66EB4}"
EndProject
Project("{9A19103F-16F7-4668-BE54-9A1E7A4F7556}") = "Prep5", "csharp-prep\Prep5\Prep5.csproj", "{1B76AB2D-C367-4A4A-B798-497D27D2F980}"
EndProject
Project("{2150E333-8FDC-42A3-9474-1A3956D46DE8}") = "final", "final", "{A70E516C-80C0-41CF-BDAD-52C978F2D055}"
EndProject
Project("{9A19103F-16F7-4668-BE54-9A1E7A4F7556}") = "FinalProject", "final\FinalProject\FinalProject.csproj", "{841B27CE-67A5-406A-9731-F74028C1468B}"
EndProject
Project("{9A19103F-16F7-4668-BE54-9A1E7A4F7556}") = "Foundation1", "final\Foundation1\Foundation1.csproj", "{193F178C-CC3E-4E97-BB55-B25B6A44A791}"
EndProject
Project("{9A19103F-16F7-4668-BE54-9A1E7A4F7556}") = "Foundation2", "final\Foundation2\Foundation2.csproj", "{2764B961-90AE-40EE-BBE7-3D54504C9E47}"
EndProject
Project("{9A19103F-16F7-4668-BE54-9A1E7A4F7556}") = "Foundation3", "final\Foundation3\Foundation3.csproj", "{DC319014-C95D-4AF5-B5D7-3433636205C2}"
EndProject
Project("{9A19103F-16F7-4668-BE54-9A1E7A4F7556}") = "Foundation4", "final\Foundation4\Foundation4.csproj", "{803F372E-CC53-4B5B-9192-B30C14D6EF41}"
EndProject
Project("{2150E333-8FDC-42A3-9474-1A3956D46DE8}") = "prepare", "prepare", "{E0AD4878-4931-4E0D-96F7-110F864E5500}"
EndProject
Project("{9A19103F-16F7-4668-BE54-9A1E7A4F7556}") = "Learning02", "prepare\Learning02\Learning02.csproj", "{B88600CC-F1D8-4D76-975C-9D925EE05941}"
EndProject
Project("{9A19103F-16F7-4668-BE54-9A1E7A4F7556}") = "Learning03", "prepare\Learning03\Learning03.csproj", "{71F16FBC-4719-4848-BD10-8680EC2D59C0}"
EndProject
Project("{9A19103F-16F7-4668-BE54-9A1E7A4F7556}") = "Learning04", "prepare\Learning04\Learning04.csproj", "{82C2EF3F-5A22-4C84-8589-E3F75FA2C865}"
EndProject
Project("{9A19103F-16F7-4668-BE54-9A1E7A4F7556}") = "Learning05", "prepare\Learning05\Learning05.csproj", "{7D5CDA48-DCB3-418B-84B0-299A43F8B8C9}"
EndProject
Project("{2150E333-8FDC-42A3-9474-1A3956D46DE8}") = "prove", "prove", "{D1B0263F-9AAD-4C84-8401-1DE120B17501}"
EndProject
Project("{9A19103F-16F7-4668-BE54-9A1E7A4F7556}") = "Develop02", "prove\Develop02\Develop02.csproj", "{EF3A4427-0292-4B0D-915F-AFEE1B4C53BC}"
EndProject
Project("{9A19103F-16F7-4668-BE54-9A1E7A4F7556}") = "Develop03", "prove\Develop03\Develop03.csproj", "{CD502C53-C1BD-43FF-9FBB-109DEE0DC3BB}"
EndProject
Project("{9A19103F-16F7-4668-BE54-9A1E7A4F7556}") = "Develop04", "prove\Develop04\Develop04.csproj", "{D8F09FF7-41B7-48FB-9DCD-F9065CF0F65B}"
EndProject
Project("{9A19103F-16F7-4668-BE54-9A1E7A4F7556}") = "Develop05", "prove\Develop05\Develop05.csproj", "{00E3FEF0-AA3B-49A5-AA71-38D18C00547D}"
EndProject
Project("{2150E333-8FDC-42A3-9474-1A3956D46DE8}") = "sandbox", "sandbox", "{158CE7D3-1867-48AC-AFA1-221AF81B5F8E}"
EndProject
Project("{9A19103F-16F7-4668-BE54-9A1E7A4F7556}") = "Sandbox", "sandbox\Sandbox\Sandbox.csproj", "{D665650B-42FF-41C1-B79F-8C17BA5CA3B0}"
EndProject
Global
	GlobalSection(SolutionConfigurationPlatforms) = preSolution
		Debug|Any CPU = Debug|Any CPU
		Release|Any CPU = Release|Any CPU
	EndGlobalSection
	GlobalSection(ProjectConfigurationPlatforms) = postSolution
		{8EC70F5A-6620-40E5-A2E5-39D54D45306E}.Debug|Any CPU.ActiveCfg = Debug|Any CPU
		{8EC70F5A-6620-40E5-A2E5-39D54D45306E}.Debug|Any CPU.Build.0 = Debug|Any CPU
		{8EC70F5A-6620-40E5-A2E5-39D54D45306E}.Release|Any CPU.ActiveCfg = Release|Any CPU
		{8EC70F5A-6620-40E5-A2E5-39D54D45306E}.Release|Any CPU.Build.0 = Release|Any CPU
		{F4ED8C04-922E-44AB-8C9C-DEE967C23410}.Debug|Any CPU.ActiveCfg = Debug|Any CPU
		{F4ED8C04-922E-44AB-8C9C-DEE967C23410}.Debug|Any CPU.Build.0 = Debug|Any CPU
		{F4ED8C04-922E-44AB-8C9C-DEE967C23410}.Release|Any CPU.ActiveCfg = Release|Any CPU
		{F4ED8C04-922E-44AB-8C9C-DEE967C23410}.Release|Any CPU.Build.0 = Release|Any CPU
		{BEFF0C17-5AFF-4533-AA98-5209478E1813}.Debug|Any CPU.ActiveCfg = Debug|Any CPU
		{BEFF0C17-5AFF-4533-AA98-5209478E1813}.Debug|Any CPU.Build.0 = Debug|Any CPU
		{BEFF0C17-5AFF-4533-AA98-5209478E1813}.Release|Any CPU.ActiveCfg = Release|Any CPU
		{BEFF0C17-5AFF-4533-AA98-5209478E1813}.Release|Any CPU.Build.0 = Release|Any CPU
		{EB6A0F8D-EE26-40EF-BBC5-8DBDE3C66EB4}.Debug|Any CPU.ActiveCfg = Debug|Any CPU
		{EB6A0F8D-EE26-40EF-BBC5-8DBDE3C66EB4}.Debug|Any CPU.Build.0 = Debug|Any CPU
		{EB6A0F8D-EE26-40EF-BBC5-8DBDE3C66EB4}.Release|Any CPU.ActiveCfg = Release|Any CPU
		{EB6A0F8D-EE26-40EF-BBC5-8DBDE3C66EB4}.Release|Any CPU.Build.0 = Release|Any CPU
		{1B76AB2D-C367-4A4A-B798-497D27D2F980}.Debug|Any CPU.ActiveCfg = Debug|Any CPU
		{1B76AB2D-C367-4A4A-B798-497D27D2F980}.Debug|Any CPU.Build.0 = Debug|Any CPU
		{1B76AB2D-C367-4A4A-B798-497D27D2F980}.Release|Any CPU.ActiveCfg = Release|Any CPU
		{1B76AB2D-C367-4A4A-B798-497D27D2F980}.Release|Any CPU.Build.0 = Release|Any CPU
		{841B27CE-67A5-406A-9731-F74028C1468B}.Debug|Any CPU.ActiveCfg = Debug|Any CPU
		{841B27CE-67A5-406A-9731-F74028C1468B}.Debug|Any CPU.Build.0 = Debug|Any CPU
		{841B27CE-67A5-406A-9731-F74028C1468B}.Release|Any CPU.ActiveCfg = Release|Any CPU
		{841B27CE-67A5-406A-9731-F74028C1468B}.Release|Any CPU.Build.0 = Release|Any CPU
		{193F178C-CC3E-4E97-BB55-B25B6A44A791}.Debug|Any CPU.ActiveCfg = Debug|Any CPU
		{193F178C-CC3E-4E97-BB55-B25B6A44A791}.Debug|Any CPU.Build.0 = Debug|Any CPU
		{193F178C-CC3E-4E97-BB55-B25B6A44A791}.Release|Any CPU.ActiveCfg = Release|Any CPU
		{193F178C-CC3E-4E97-BB55-B25B6A44A791}.Release|Any CPU.Build.0 = Release|Any CPU
		{2764B961-90AE-40EE-BBE7-3D54504C9E47}.Debug|Any CPU.ActiveCfg = Debug|Any CPU
		{2764B961-90AE-40EE-BBE7-3D54504C9E47}.Debug|Any CPU.Build.0 = Debug|Any CPU
		{2764B961-90AE-40EE-BBE7-3D54504C9E47}.Release|Any CPU.ActiveCfg = Release|Any CPU
		{2764B961-90AE-40EE-BBE7-3D54504C9E47}.Release|Any CPU.Build.0 = Release|Any CPU
		{DC319014-C95D-4AF5-B5D7-3433636205C2}.Debug|Any CPU.ActiveCfg = Debug|Any CPU
		{DC319014-C95D-4AF5-B5D7-3433636205C2}.Debug|Any CPU.Build.0 = Debug|Any CPU
		{DC319014-C95D-4AF5-B5D7-3433636205C2}.Release|Any CPU.ActiveCfg = Release|Any CPU
		{DC319014-C95D-4AF5-B5D7-3433636205C2}.Release|Any CPU.Build.0 = Release|Any CPU
		{803F372E-CC53-4B5B-9192-B30C14D6EF41}.Debug|Any CPU.ActiveCfg = Debug|Any CPU
		{803F372E-CC53-4B5B-9192-B30C14D6EF41}.Debug|Any CPU.Build.0 = Debug|Any CPU
		{803F372E-CC53-4B5B-9192-B30C14D6EF41}.Release|Any CPU.ActiveCfg = Release|Any CPU
		{803F372E-CC53-4B5B-9192-B30C14D6EF41}.Release|Any CPU.Build.0 = Release|Any CPU
		{B88600CC-F1D8-4D76-975C-9D925EE05941}.Debug|Any CPU.ActiveCfg = Debug|Any CPU
		{B88600CC-F1D8-4D76-975C-9D925EE05941}.Debug|Any CPU.Build.0 = Debug|Any CPU
		{B88600CC-F1D8-4D76-975C-9D925EE05941}.Release|Any CPU.ActiveCfg = Release|Any CPU
		{B88600CC-F1D8-4D76-975C-9D925EE05941}.Release|Any CPU.Build.0 = Release|Any CPU
		{71F16FBC-4719-4848-BD10-8680EC2D59C0}.Debug|Any CPU.ActiveCfg = Debug|Any CPU
		{71F16FBC-4719-4848-BD10-8680EC2D59C0}.Debug|Any CPU.Build.0 = Debug|Any CPU
		{71F16FBC-4719-4848-BD10-8680EC2D59C0}.Release|Any CPU.ActiveCfg = Release|Any CPU
		{71F16FBC-4719-4848-BD10-8680EC2D59C0}.Release|Any CPU.Build.0 = Release|Any CPU
		{82C2EF3F-5A22-4C84-8589-E3F75FA2C865}.Debug|Any CPU.ActiveCfg = Debug|Any CPU
		{82C2EF3F-5A22-4C84-8589-E3F75FA2C865}.Debug|Any CPU.Build.0 = Debug|Any CPU
		{82C2EF3F-5A22-4C84-8589-E3F75FA2C865}.Release|Any CPU.ActiveCfg = Release|Any CPU
		{82C2EF3F-5A22-4C84-8589-E3F75FA2C865}.Release|Any CPU.Build.0 = Release|Any CPU
		{7D5CDA48-DCB3-418B-84B0-299A43F8B8C9}.Debug|Any CPU.ActiveCfg = Debug|Any CPU
		{7D5CDA48-DCB3-418B-84B0-299A43F8B8C9}.Debug|Any CPU.Build.0 = Debug|Any CPU
		{7D5CDA48-DCB3-418B-84B0-299A43F8B8C9}.Release|Any CPU.ActiveCfg = Release|Any CPU
		{7D5CDA48-DCB3-418B-84B0-299A43F8B8C9}.Release|Any CPU.Build.0 = Release|Any CPU
		{EF3A4427-0292-4B0D-915F-AFEE1B4C53BC}.Debug|Any CPU.ActiveCfg = Debug|Any CPU
		{EF3A4427-0292-4B0D-915F-AFEE1B4C53BC}.Debug|Any CPU.Build.0 = Debug|Any CPU
		{EF3A4427-0292-4B0D-915F-AFEE1B4C53BC}.Release|Any CPU.ActiveCfg = Release|Any CPU
		{EF3A4427-0292-4B0D-915F-AFEE1B4C53BC}.Release|Any CPU.Build.0 = Release|Any CPU
		{CD502C53-C1BD-43FF-9FBB-109DEE0DC3BB}.Debug|Any CPU.ActiveCfg = Debug|Any CPU
		{CD502C53-C1BD-43FF-9FBB-109DEE0DC3BB}.Debug|Any CPU.Build.0 = Debug|Any CPU
		{CD502C53-C1BD-43FF-9FBB-109DEE0DC3BB}.Release|Any CPU.ActiveCfg = Release|Any CPU
		{CD502C53-C1BD-43FF-9FBB-109DEE0DC3BB}.Release|Any CPU.Build.0 = Release|Any CPU
		{D8F09FF7-41B7-48FB-9DCD-F9065CF0F65B}.Debug|Any CPU.ActiveCfg = Debug|Any CPU
		{D8F09FF7-41B7-48FB-9DCD-F9065CF0F65B}.Debug|Any CPU.Build.0 = Debug|Any CPU
		{D8F09FF7-41B7-48FB-9DCD-F9065CF0F65B}.Release|Any CPU.ActiveCfg = Release|Any CPU
		{D8F09FF7-41B7-48FB-9DCD-F9065CF0F65B}.Release|Any CPU.Build.0 = Release|Any CPU
		{00E3FEF0-AA3B-49A5-AA71-38D18C00547D}.Debug|Any CPU.ActiveCfg = Debug|Any CPU
		{00E3FEF0-AA3B-49A5-AA71-38D18C00547D}.Debug|Any CPU.Build.0 = Debug|Any CPU
		{00E3FEF0-AA3B-49A5-AA71-38D18C00547D}.Release|Any CPU.ActiveCfg = Release|Any CPU
		{00E3FEF0-AA3B-49A5-AA71-38D18C00547D}.Release|Any CPU.Build.0 = Release|Any CPU
		{D665650B-42FF-41C1-B79F-8C17BA5CA3B0}.Debug|Any CPU.ActiveCfg = Debug|Any CPU
		{D665650B-42FF-41C1-B79F-8C17BA5CA3B0}.Debug|Any CPU.Build.0 = Debug|Any CPU
		{D665650B-42FF-41C1-B79F-8C17BA5CA3B0}.Release|Any CPU.ActiveCfg = Release|Any CPU
		{D665650B-42FF-41C1-B79F-8C17BA5CA3B0}.Release|Any CPU.Build.0 = Release|Any CPU
	EndGlobalSection
	GlobalSection(SolutionProperties) = preSolution
		HideSolutionNode = FALSE
	EndGlobalSection
	GlobalSection(NestedProjects) = preSolution
		{8EC70F5A-6620-40E5-A2E5-39D54D45306E} = {ED3B7AD6-E715-4A1F-818E-DF4985D58FC1}
		{F4ED8C04-922E-44AB-8C9C-DEE967C23410} = {ED3B7AD6-E715-4A1F-818E-DF4985D58FC1}
		{BEFF0C17-5AFF-4533-AA98-5209478E1813} = {ED3B7AD6-E715-4A1F-818E-DF4985D58FC1}
		{EB6A0F8D-EE26-40EF-BBC5-8DBDE3C66EB4} = {ED3B7AD6-E715-4A1F-818E-DF4985D58FC1}
		{1B76AB2D-C367-4A4A-B798-497D27D2F980} = {ED3B7AD6-E715-4A1F-818E-DF4985D58FC1}
		{841B27CE-67A5-406A-9731-F74028C1468B} = {A70E516C-80C0-41CF-BDAD-52C978F2D055}
		{193F178C-CC3E-4E97-BB55-B25B6A44A791} = {A70E516C-80C0-41CF-BDAD-52C978F2D055}
		{2764B961-90AE-40EE-BBE7-3D54504C9E47} = {A70E516C-80C0-41CF-BDAD-52C978F2D055}
		{DC319014-C95D-4AF5-B5D7-3433636205C2} = {A70E516C-80C0-41CF-BDAD-52C978F2D055}
		{803F372E-CC53-4B5B-9192-B30C14D6EF41} = {A70E516C-80C0-41CF-BDAD-52C978F2D055}
		{B88600CC-F1D8-4D76-975C-9D925EE05941} = {E0AD4878-4931-4E0D-96F7-110F864E5500}
		{71F16FBC-4719-4848-BD10-8680EC2D59C0} = {E0AD4878-4931-4E0D-96F7-110F864E5500}
		{82C2EF3F-5A22-4C84-8589-E3F75FA2C865} = {E0AD4878-4931-4E0D-96F7-110F864E5500}
		{7D5CDA48-DCB3-418B-84B0-299A43F8B8C9} = {E0AD4878-4931-4E0D-96F7-110F864E5500}
		{EF3A4427-0292-4B0D-915F-AFEE1B4C53BC} = {D1B0263F-9AAD-4C84-8401-1DE120B17501}
		{CD502C53-C1BD-43FF-9FBB-109DEE0DC3BB} = {D1B0263F-9AAD-4C84-8401-1DE120B17501}
		{D8F09FF7-41B7-48FB-9DCD-F9065CF0F65B} = {D1B0263F-9AAD-4C84-8401-1DE120B17501}
		{00E3FEF0-AA3B-49A5-AA71-38D18C00547D} = {D1B0263F-9AAD-4C84-8401-1DE120B17501}
		{D665650B-42FF-41C1-B79F-8C17BA5CA3B0} = {158CE7D3-1867-48AC-AFA1-221AF81B5F8E}
	EndGlobalSection
	GlobalSection(ExtensibilityGlobals) = postSolution
		SolutionGuid = {0C70F5CD-0976-4090-A25B-2BEC420561B2}
	EndGlobalSection
EndGlobal
